
Microsoft Visual Studio Solution File, Format Version 12.00
# Visual Studio Version 17
VisualStudioVersion = 17.5.002.0
MinimumVisualStudioVersion = 10.0.40219.1
Project("{9A19103F-16F7-4668-BE54-9A1E7A4F7556}") = "App", "HW1-1\App.csproj", "{F1758270-2271-4F99-933E-3D0D5AB0071D}"
EndProject
Project("{9A19103F-16F7-4668-BE54-9A1E7A4F7556}") = "HW1-2", "HW1-2\HW1-2.csproj", "{1F624D0D-B0CB-4150-8DFA-41DECE5E8F54}"
EndProject
Global
	GlobalSection(SolutionConfigurationPlatforms) = preSolution
		Debug|Any CPU = Debug|Any CPU
		Release|Any CPU = Release|Any CPU
	EndGlobalSection
	GlobalSection(ProjectConfigurationPlatforms) = postSolution
		{F1758270-2271-4F99-933E-3D0D5AB0071D}.Debug|Any CPU.ActiveCfg = Debug|Any CPU
		{F1758270-2271-4F99-933E-3D0D5AB0071D}.Debug|Any CPU.Build.0 = Debug|Any CPU
		{F1758270-2271-4F99-933E-3D0D5AB0071D}.Release|Any CPU.ActiveCfg = Release|Any CPU
		{F1758270-2271-4F99-933E-3D0D5AB0071D}.Release|Any CPU.Build.0 = Release|Any CPU
		{1F624D0D-B0CB-4150-8DFA-41DECE5E8F54}.Debug|Any CPU.ActiveCfg = Debug|Any CPU
		{1F624D0D-B0CB-4150-8DFA-41DECE5E8F54}.Debug|Any CPU.Build.0 = Debug|Any CPU
		{1F624D0D-B0CB-4150-8DFA-41DECE5E8F54}.Release|Any CPU.ActiveCfg = Release|Any CPU
		{1F624D0D-B0CB-4150-8DFA-41DECE5E8F54}.Release|Any CPU.Build.0 = Release|Any CPU
	EndGlobalSection
	GlobalSection(SolutionProperties) = preSolution
		HideSolutionNode = FALSE
	EndGlobalSection
	GlobalSection(ExtensibilityGlobals) = postSolution
		SolutionGuid = {28155C17-1E78-41A2-9358-2B60949511AA}
	EndGlobalSection
EndGlobal
