
Microsoft Visual Studio Solution File, Format Version 12.00
# Visual Studio Version 17
VisualStudioVersion = 17.12.35323.107
MinimumVisualStudioVersion = 10.0.40219.1
Project("{FAE04EC0-301F-11D3-BF4B-00C04F79EFBC}") = "AN4126068_practice_8", "AN4126068_practice_8\AN4126068_practice_8.csproj", "{D56D41CE-B47A-43FF-AABD-FE633D312061}"
EndProject
Global
	GlobalSection(SolutionConfigurationPlatforms) = preSolution
		Debug|Any CPU = Debug|Any CPU
		Release|Any CPU = Release|Any CPU
	EndGlobalSection
	GlobalSection(ProjectConfigurationPlatforms) = postSolution
		{D56D41CE-B47A-43FF-AABD-FE633D312061}.Debug|Any CPU.ActiveCfg = Debug|Any CPU
		{D56D41CE-B47A-43FF-AABD-FE633D312061}.Debug|Any CPU.Build.0 = Debug|Any CPU
		{D56D41CE-B47A-43FF-AABD-FE633D312061}.Release|Any CPU.ActiveCfg = Release|Any CPU
		{D56D41CE-B47A-43FF-AABD-FE633D312061}.Release|Any CPU.Build.0 = Release|Any CPU
	EndGlobalSection
	GlobalSection(SolutionProperties) = preSolution
		HideSolutionNode = FALSE
	EndGlobalSection
	GlobalSection(ExtensibilityGlobals) = postSolution
		SolutionGuid = {AA4236FF-A744-4F42-AD3D-92FFE8DF5E37}
	EndGlobalSection
EndGlobal
